// !$*UTF8*$!
{
	archiveVersion = 1;
	classes = {
	};
	objectVersion = 56;
	objects = {

/* Begin PBXBuildFile section */
		1614FFA329BF0AAA0030B219 /* SinglePostScreenVC.swift in Sources */ = {isa = PBXBuildFile; fileRef = 1614FFA229BF0AAA0030B219 /* SinglePostScreenVC.swift */; };
		162BFFA2299D233400D5923D /* AppDelegate.swift in Sources */ = {isa = PBXBuildFile; fileRef = 162BFFA1299D233400D5923D /* AppDelegate.swift */; };
		162BFFA4299D233400D5923D /* SceneDelegate.swift in Sources */ = {isa = PBXBuildFile; fileRef = 162BFFA3299D233400D5923D /* SceneDelegate.swift */; };
		162BFFA9299D233400D5923D /* Main.storyboard in Resources */ = {isa = PBXBuildFile; fileRef = 162BFFA7299D233400D5923D /* Main.storyboard */; };
		162BFFAB299D233500D5923D /* Assets.xcassets in Resources */ = {isa = PBXBuildFile; fileRef = 162BFFAA299D233500D5923D /* Assets.xcassets */; };
		162BFFAE299D233500D5923D /* LaunchScreen.storyboard in Resources */ = {isa = PBXBuildFile; fileRef = 162BFFAC299D233500D5923D /* LaunchScreen.storyboard */; };
		162BFFDE299FAB9500D5923D /* PostsScreenVC.swift in Sources */ = {isa = PBXBuildFile; fileRef = 162BFFDD299FAB9500D5923D /* PostsScreenVC.swift */; };
		162BFFE0299FABFE00D5923D /* PostsTVC.swift in Sources */ = {isa = PBXBuildFile; fileRef = 162BFFDF299FABFE00D5923D /* PostsTVC.swift */; };
		162BFFE2299FAC5C00D5923D /* RedditPost.swift in Sources */ = {isa = PBXBuildFile; fileRef = 162BFFE1299FAC5C00D5923D /* RedditPost.swift */; };
		16482ADD29B37E7D00D7EF67 /* Network Manager.swift in Sources */ = {isa = PBXBuildFile; fileRef = 16482ADC29B37E7D00D7EF67 /* Network Manager.swift */; };
		1657DC0D29B604C9002B0CD8 /* TrendingPostCVC.swift in Sources */ = {isa = PBXBuildFile; fileRef = 1657DC0B29B604C9002B0CD8 /* TrendingPostCVC.swift */; };
		1657DC0E29B604C9002B0CD8 /* TrendingPostCVC.xib in Resources */ = {isa = PBXBuildFile; fileRef = 1657DC0C29B604C9002B0CD8 /* TrendingPostCVC.xib */; };
		1657DC1029B60DF9002B0CD8 /* MainScreenVC.swift in Sources */ = {isa = PBXBuildFile; fileRef = 1657DC0F29B60DF9002B0CD8 /* MainScreenVC.swift */; };
		1657DC1529B62F5F002B0CD8 /* TrendingSubredditsCVC.swift in Sources */ = {isa = PBXBuildFile; fileRef = 1657DC1329B62F5F002B0CD8 /* TrendingSubredditsCVC.swift */; };
		1657DC1629B62F5F002B0CD8 /* TrendingSubredditsCVC.xib in Resources */ = {isa = PBXBuildFile; fileRef = 1657DC1429B62F5F002B0CD8 /* TrendingSubredditsCVC.xib */; };
		166E938229B0CB6F006C9F2D /* toHomeScreen.swift in Sources */ = {isa = PBXBuildFile; fileRef = 166E938129B0CB6F006C9F2D /* toHomeScreen.swift */; };
		16B2A64F29BB795600E42BAC /* FavoriteSubredditTVC.swift in Sources */ = {isa = PBXBuildFile; fileRef = 16B2A64D29BB795600E42BAC /* FavoriteSubredditTVC.swift */; };
		16B2A65029BB795600E42BAC /* FavoriteSubredditTVC.xib in Resources */ = {isa = PBXBuildFile; fileRef = 16B2A64E29BB795600E42BAC /* FavoriteSubredditTVC.xib */; };
		16B2A65329BCA57E00E42BAC /* FavoriteSubredditsTableExtension.swift in Sources */ = {isa = PBXBuildFile; fileRef = 16B2A65229BCA57E00E42BAC /* FavoriteSubredditsTableExtension.swift */; };
		16B2A65529BCA62B00E42BAC /* CollectionViewExtensions.swift in Sources */ = {isa = PBXBuildFile; fileRef = 16B2A65429BCA62B00E42BAC /* CollectionViewExtensions.swift */; };
		16B2A65729BCA69900E42BAC /* SafeSearchSwitchExtension.swift in Sources */ = {isa = PBXBuildFile; fileRef = 16B2A65629BCA69900E42BAC /* SafeSearchSwitchExtension.swift */; };
		16B2A65929BCA6E300E42BAC /* SearchBarExtension.swift in Sources */ = {isa = PBXBuildFile; fileRef = 16B2A65829BCA6E300E42BAC /* SearchBarExtension.swift */; };
		16B2A65B29BCA82800E42BAC /* PostsTableExtension.swift in Sources */ = {isa = PBXBuildFile; fileRef = 16B2A65A29BCA82800E42BAC /* PostsTableExtension.swift */; };
		37C291A3DCD4BAD7EDEEE1D0 /* Pods_RedditClientApp.framework in Frameworks */ = {isa = PBXBuildFile; fileRef = DCEB6B0F4F99B98A4EF55CCA /* Pods_RedditClientApp.framework */; };
		E9EC24052F5D9C086CF7AF0F /* Pods_RedditClientApp_RedditClientAppUITests.framework in Frameworks */ = {isa = PBXBuildFile; fileRef = D3E07786DE013D28FCDC3978 /* Pods_RedditClientApp_RedditClientAppUITests.framework */; };
		FB60613F3B6764E1BDAC93BC /* Pods_RedditClientAppTests.framework in Frameworks */ = {isa = PBXBuildFile; fileRef = D8E4CB1035F605896BCB67D1 /* Pods_RedditClientAppTests.framework */; };
/* End PBXBuildFile section */

/* Begin PBXContainerItemProxy section */
		162BFFB5299D233600D5923D /* PBXContainerItemProxy */ = {
			isa = PBXContainerItemProxy;
			containerPortal = 162BFF96299D233400D5923D /* Project object */;
			proxyType = 1;
			remoteGlobalIDString = 162BFF9D299D233400D5923D;
			remoteInfo = RedditClientApp;
		};
		162BFFBF299D233600D5923D /* PBXContainerItemProxy */ = {
			isa = PBXContainerItemProxy;
			containerPortal = 162BFF96299D233400D5923D /* Project object */;
			proxyType = 1;
			remoteGlobalIDString = 162BFF9D299D233400D5923D;
			remoteInfo = RedditClientApp;
		};
/* End PBXContainerItemProxy section */

/* Begin PBXFileReference section */
		035ACADF58574B63309E34A3 /* Pods-RedditClientAppTests.release.xcconfig */ = {isa = PBXFileReference; includeInIndex = 1; lastKnownFileType = text.xcconfig; name = "Pods-RedditClientAppTests.release.xcconfig"; path = "Target Support Files/Pods-RedditClientAppTests/Pods-RedditClientAppTests.release.xcconfig"; sourceTree = "<group>"; };
		0FBEDC71CD09583EA33EDF18 /* Pods-RedditClientApp-RedditClientAppUITests.release.xcconfig */ = {isa = PBXFileReference; includeInIndex = 1; lastKnownFileType = text.xcconfig; name = "Pods-RedditClientApp-RedditClientAppUITests.release.xcconfig"; path = "Target Support Files/Pods-RedditClientApp-RedditClientAppUITests/Pods-RedditClientApp-RedditClientAppUITests.release.xcconfig"; sourceTree = "<group>"; };
		1614FFA229BF0AAA0030B219 /* SinglePostScreenVC.swift */ = {isa = PBXFileReference; lastKnownFileType = sourcecode.swift; path = SinglePostScreenVC.swift; sourceTree = "<group>"; };
		162BFF9E299D233400D5923D /* RedditClientApp.app */ = {isa = PBXFileReference; explicitFileType = wrapper.application; includeInIndex = 0; path = RedditClientApp.app; sourceTree = BUILT_PRODUCTS_DIR; };
		162BFFA1299D233400D5923D /* AppDelegate.swift */ = {isa = PBXFileReference; lastKnownFileType = sourcecode.swift; path = AppDelegate.swift; sourceTree = "<group>"; };
		162BFFA3299D233400D5923D /* SceneDelegate.swift */ = {isa = PBXFileReference; lastKnownFileType = sourcecode.swift; path = SceneDelegate.swift; sourceTree = "<group>"; };
		162BFFA8299D233400D5923D /* Base */ = {isa = PBXFileReference; lastKnownFileType = file.storyboard; name = Base; path = Base.lproj/Main.storyboard; sourceTree = "<group>"; };
		162BFFAA299D233500D5923D /* Assets.xcassets */ = {isa = PBXFileReference; lastKnownFileType = folder.assetcatalog; path = Assets.xcassets; sourceTree = "<group>"; };
		162BFFAD299D233500D5923D /* Base */ = {isa = PBXFileReference; lastKnownFileType = file.storyboard; name = Base; path = Base.lproj/LaunchScreen.storyboard; sourceTree = "<group>"; };
		162BFFAF299D233500D5923D /* Info.plist */ = {isa = PBXFileReference; lastKnownFileType = text.plist.xml; path = Info.plist; sourceTree = "<group>"; };
		162BFFB4299D233600D5923D /* RedditClientAppTests.xctest */ = {isa = PBXFileReference; explicitFileType = wrapper.cfbundle; includeInIndex = 0; path = RedditClientAppTests.xctest; sourceTree = BUILT_PRODUCTS_DIR; };
		162BFFBE299D233600D5923D /* RedditClientAppUITests.xctest */ = {isa = PBXFileReference; explicitFileType = wrapper.cfbundle; includeInIndex = 0; path = RedditClientAppUITests.xctest; sourceTree = BUILT_PRODUCTS_DIR; };
		162BFFDD299FAB9500D5923D /* PostsScreenVC.swift */ = {isa = PBXFileReference; lastKnownFileType = sourcecode.swift; path = PostsScreenVC.swift; sourceTree = "<group>"; };
		162BFFDF299FABFE00D5923D /* PostsTVC.swift */ = {isa = PBXFileReference; lastKnownFileType = sourcecode.swift; path = PostsTVC.swift; sourceTree = "<group>"; };
		162BFFE1299FAC5C00D5923D /* RedditPost.swift */ = {isa = PBXFileReference; lastKnownFileType = sourcecode.swift; path = RedditPost.swift; sourceTree = "<group>"; };
		16482ADC29B37E7D00D7EF67 /* Network Manager.swift */ = {isa = PBXFileReference; lastKnownFileType = sourcecode.swift; path = "Network Manager.swift"; sourceTree = "<group>"; };
		1657DC0B29B604C9002B0CD8 /* TrendingPostCVC.swift */ = {isa = PBXFileReference; lastKnownFileType = sourcecode.swift; path = TrendingPostCVC.swift; sourceTree = "<group>"; };
		1657DC0C29B604C9002B0CD8 /* TrendingPostCVC.xib */ = {isa = PBXFileReference; lastKnownFileType = file.xib; path = TrendingPostCVC.xib; sourceTree = "<group>"; };
		1657DC0F29B60DF9002B0CD8 /* MainScreenVC.swift */ = {isa = PBXFileReference; lastKnownFileType = sourcecode.swift; path = MainScreenVC.swift; sourceTree = "<group>"; };
		1657DC1329B62F5F002B0CD8 /* TrendingSubredditsCVC.swift */ = {isa = PBXFileReference; lastKnownFileType = sourcecode.swift; path = TrendingSubredditsCVC.swift; sourceTree = "<group>"; };
		1657DC1429B62F5F002B0CD8 /* TrendingSubredditsCVC.xib */ = {isa = PBXFileReference; lastKnownFileType = file.xib; path = TrendingSubredditsCVC.xib; sourceTree = "<group>"; };
		166E938129B0CB6F006C9F2D /* toHomeScreen.swift */ = {isa = PBXFileReference; lastKnownFileType = sourcecode.swift; path = toHomeScreen.swift; sourceTree = "<group>"; };
		16B2A64D29BB795600E42BAC /* FavoriteSubredditTVC.swift */ = {isa = PBXFileReference; lastKnownFileType = sourcecode.swift; path = FavoriteSubredditTVC.swift; sourceTree = "<group>"; };
		16B2A64E29BB795600E42BAC /* FavoriteSubredditTVC.xib */ = {isa = PBXFileReference; lastKnownFileType = file.xib; path = FavoriteSubredditTVC.xib; sourceTree = "<group>"; };
		16B2A65229BCA57E00E42BAC /* FavoriteSubredditsTableExtension.swift */ = {isa = PBXFileReference; lastKnownFileType = sourcecode.swift; path = FavoriteSubredditsTableExtension.swift; sourceTree = "<group>"; };
		16B2A65429BCA62B00E42BAC /* CollectionViewExtensions.swift */ = {isa = PBXFileReference; lastKnownFileType = sourcecode.swift; path = CollectionViewExtensions.swift; sourceTree = "<group>"; };
		16B2A65629BCA69900E42BAC /* SafeSearchSwitchExtension.swift */ = {isa = PBXFileReference; lastKnownFileType = sourcecode.swift; path = SafeSearchSwitchExtension.swift; sourceTree = "<group>"; };
		16B2A65829BCA6E300E42BAC /* SearchBarExtension.swift */ = {isa = PBXFileReference; lastKnownFileType = sourcecode.swift; path = SearchBarExtension.swift; sourceTree = "<group>"; };
		16B2A65A29BCA82800E42BAC /* PostsTableExtension.swift */ = {isa = PBXFileReference; lastKnownFileType = sourcecode.swift; path = PostsTableExtension.swift; sourceTree = "<group>"; };
		2B5B214FBBD732C945A9445A /* Pods-RedditClientAppTests.debug.xcconfig */ = {isa = PBXFileReference; includeInIndex = 1; lastKnownFileType = text.xcconfig; name = "Pods-RedditClientAppTests.debug.xcconfig"; path = "Target Support Files/Pods-RedditClientAppTests/Pods-RedditClientAppTests.debug.xcconfig"; sourceTree = "<group>"; };
		355E4C36AFE4350A341D2F07 /* Pods-RedditClientApp.debug.xcconfig */ = {isa = PBXFileReference; includeInIndex = 1; lastKnownFileType = text.xcconfig; name = "Pods-RedditClientApp.debug.xcconfig"; path = "Target Support Files/Pods-RedditClientApp/Pods-RedditClientApp.debug.xcconfig"; sourceTree = "<group>"; };
		3EE0C3A6723A79F88B28872C /* Pods-RedditClientApp-RedditClientAppUITests.debug.xcconfig */ = {isa = PBXFileReference; includeInIndex = 1; lastKnownFileType = text.xcconfig; name = "Pods-RedditClientApp-RedditClientAppUITests.debug.xcconfig"; path = "Target Support Files/Pods-RedditClientApp-RedditClientAppUITests/Pods-RedditClientApp-RedditClientAppUITests.debug.xcconfig"; sourceTree = "<group>"; };
		73FF52252227D32E372F5E05 /* Pods-RedditClientApp.release.xcconfig */ = {isa = PBXFileReference; includeInIndex = 1; lastKnownFileType = text.xcconfig; name = "Pods-RedditClientApp.release.xcconfig"; path = "Target Support Files/Pods-RedditClientApp/Pods-RedditClientApp.release.xcconfig"; sourceTree = "<group>"; };
		D3E07786DE013D28FCDC3978 /* Pods_RedditClientApp_RedditClientAppUITests.framework */ = {isa = PBXFileReference; explicitFileType = wrapper.framework; includeInIndex = 0; path = Pods_RedditClientApp_RedditClientAppUITests.framework; sourceTree = BUILT_PRODUCTS_DIR; };
		D8E4CB1035F605896BCB67D1 /* Pods_RedditClientAppTests.framework */ = {isa = PBXFileReference; explicitFileType = wrapper.framework; includeInIndex = 0; path = Pods_RedditClientAppTests.framework; sourceTree = BUILT_PRODUCTS_DIR; };
		DCEB6B0F4F99B98A4EF55CCA /* Pods_RedditClientApp.framework */ = {isa = PBXFileReference; explicitFileType = wrapper.framework; includeInIndex = 0; path = Pods_RedditClientApp.framework; sourceTree = BUILT_PRODUCTS_DIR; };
/* End PBXFileReference section */

/* Begin PBXFrameworksBuildPhase section */
		162BFF9B299D233400D5923D /* Frameworks */ = {
			isa = PBXFrameworksBuildPhase;
			buildActionMask = 2147483647;
			files = (
				37C291A3DCD4BAD7EDEEE1D0 /* Pods_RedditClientApp.framework in Frameworks */,
			);
			runOnlyForDeploymentPostprocessing = 0;
		};
		162BFFB1299D233600D5923D /* Frameworks */ = {
			isa = PBXFrameworksBuildPhase;
			buildActionMask = 2147483647;
			files = (
				FB60613F3B6764E1BDAC93BC /* Pods_RedditClientAppTests.framework in Frameworks */,
			);
			runOnlyForDeploymentPostprocessing = 0;
		};
		162BFFBB299D233600D5923D /* Frameworks */ = {
			isa = PBXFrameworksBuildPhase;
			buildActionMask = 2147483647;
			files = (
				E9EC24052F5D9C086CF7AF0F /* Pods_RedditClientApp_RedditClientAppUITests.framework in Frameworks */,
			);
			runOnlyForDeploymentPostprocessing = 0;
		};
/* End PBXFrameworksBuildPhase section */

/* Begin PBXGroup section */
		162BFF95299D233400D5923D = {
			isa = PBXGroup;
			children = (
				162BFFA0299D233400D5923D /* RedditClientApp */,
				162BFF9F299D233400D5923D /* Products */,
				F6AE7AF518E2A0AAF043C298 /* Pods */,
				3E5AB711982B5D5A1E7E4592 /* Frameworks */,
			);
			sourceTree = "<group>";
		};
		162BFF9F299D233400D5923D /* Products */ = {
			isa = PBXGroup;
			children = (
				162BFF9E299D233400D5923D /* RedditClientApp.app */,
				162BFFB4299D233600D5923D /* RedditClientAppTests.xctest */,
				162BFFBE299D233600D5923D /* RedditClientAppUITests.xctest */,
			);
			name = Products;
			sourceTree = "<group>";
		};
		162BFFA0299D233400D5923D /* RedditClientApp */ = {
			isa = PBXGroup;
			children = (
				16482ADC29B37E7D00D7EF67 /* Network Manager.swift */,
				162BFFA1299D233400D5923D /* AppDelegate.swift */,
				162BFFA3299D233400D5923D /* SceneDelegate.swift */,
				162BFFA7299D233400D5923D /* Main.storyboard */,
				162BFFAA299D233500D5923D /* Assets.xcassets */,
				162BFFAC299D233500D5923D /* LaunchScreen.storyboard */,
				162BFFAF299D233500D5923D /* Info.plist */,
				16B2A65129BCA55200E42BAC /* Extensions */,
				166E938029AF6E9F006C9F2D /* Screens */,
				166E937F29AF6E4C006C9F2D /* Model */,
				166E937E29AF6E2E006C9F2D /* Cells */,
				166E938329B0CD2C006C9F2D /* Segues */,
			);
			path = RedditClientApp;
			sourceTree = "<group>";
		};
		166E937E29AF6E2E006C9F2D /* Cells */ = {
			isa = PBXGroup;
			children = (
				162BFFDF299FABFE00D5923D /* PostsTVC.swift */,
				1657DC0B29B604C9002B0CD8 /* TrendingPostCVC.swift */,
				1657DC0C29B604C9002B0CD8 /* TrendingPostCVC.xib */,
				1657DC1329B62F5F002B0CD8 /* TrendingSubredditsCVC.swift */,
				1657DC1429B62F5F002B0CD8 /* TrendingSubredditsCVC.xib */,
				16B2A64D29BB795600E42BAC /* FavoriteSubredditTVC.swift */,
				16B2A64E29BB795600E42BAC /* FavoriteSubredditTVC.xib */,
			);
			path = Cells;
			sourceTree = "<group>";
		};
		166E937F29AF6E4C006C9F2D /* Model */ = {
			isa = PBXGroup;
			children = (
				162BFFE1299FAC5C00D5923D /* RedditPost.swift */,
			);
			path = Model;
			sourceTree = "<group>";
		};
		166E938029AF6E9F006C9F2D /* Screens */ = {
			isa = PBXGroup;
			children = (
				162BFFDD299FAB9500D5923D /* PostsScreenVC.swift */,
				1657DC0F29B60DF9002B0CD8 /* MainScreenVC.swift */,
				1614FFA229BF0AAA0030B219 /* SinglePostScreenVC.swift */,
			);
			path = Screens;
			sourceTree = "<group>";
		};
		166E938329B0CD2C006C9F2D /* Segues */ = {
			isa = PBXGroup;
			children = (
				166E938129B0CB6F006C9F2D /* toHomeScreen.swift */,
			);
			path = Segues;
			sourceTree = "<group>";
		};
		16B2A65129BCA55200E42BAC /* Extensions */ = {
			isa = PBXGroup;
			children = (
				16B2A65829BCA6E300E42BAC /* SearchBarExtension.swift */,
				16B2A65629BCA69900E42BAC /* SafeSearchSwitchExtension.swift */,
				16B2A65429BCA62B00E42BAC /* CollectionViewExtensions.swift */,
				16B2A65229BCA57E00E42BAC /* FavoriteSubredditsTableExtension.swift */,
				16B2A65A29BCA82800E42BAC /* PostsTableExtension.swift */,
			);
			path = Extensions;
			sourceTree = "<group>";
		};
		3E5AB711982B5D5A1E7E4592 /* Frameworks */ = {
			isa = PBXGroup;
			children = (
				DCEB6B0F4F99B98A4EF55CCA /* Pods_RedditClientApp.framework */,
				D3E07786DE013D28FCDC3978 /* Pods_RedditClientApp_RedditClientAppUITests.framework */,
				D8E4CB1035F605896BCB67D1 /* Pods_RedditClientAppTests.framework */,
			);
			name = Frameworks;
			sourceTree = "<group>";
		};
		F6AE7AF518E2A0AAF043C298 /* Pods */ = {
			isa = PBXGroup;
			children = (
				355E4C36AFE4350A341D2F07 /* Pods-RedditClientApp.debug.xcconfig */,
				73FF52252227D32E372F5E05 /* Pods-RedditClientApp.release.xcconfig */,
				3EE0C3A6723A79F88B28872C /* Pods-RedditClientApp-RedditClientAppUITests.debug.xcconfig */,
				0FBEDC71CD09583EA33EDF18 /* Pods-RedditClientApp-RedditClientAppUITests.release.xcconfig */,
				2B5B214FBBD732C945A9445A /* Pods-RedditClientAppTests.debug.xcconfig */,
				035ACADF58574B63309E34A3 /* Pods-RedditClientAppTests.release.xcconfig */,
			);
			path = Pods;
			sourceTree = "<group>";
		};
/* End PBXGroup section */

/* Begin PBXNativeTarget section */
		162BFF9D299D233400D5923D /* RedditClientApp */ = {
			isa = PBXNativeTarget;
			buildConfigurationList = 162BFFC8299D233600D5923D /* Build configuration list for PBXNativeTarget "RedditClientApp" */;
			buildPhases = (
				C6C2AA519FE7231811725DC9 /* [CP] Check Pods Manifest.lock */,
				162BFF9A299D233400D5923D /* Sources */,
				162BFF9B299D233400D5923D /* Frameworks */,
				162BFF9C299D233400D5923D /* Resources */,
				E3136415BCF0B06E57C232E4 /* [CP] Embed Pods Frameworks */,
				1633FA8A29B8D1B8003E12D9 /* Run Script */,
			);
			buildRules = (
			);
			dependencies = (
			);
			name = RedditClientApp;
			productName = RedditClientApp;
			productReference = 162BFF9E299D233400D5923D /* RedditClientApp.app */;
			productType = "com.apple.product-type.application";
		};
		162BFFB3299D233600D5923D /* RedditClientAppTests */ = {
			isa = PBXNativeTarget;
			buildConfigurationList = 162BFFCB299D233600D5923D /* Build configuration list for PBXNativeTarget "RedditClientAppTests" */;
			buildPhases = (
				632EB8B30BCF56BE7100AFCF /* [CP] Check Pods Manifest.lock */,
				162BFFB0299D233600D5923D /* Sources */,
				162BFFB1299D233600D5923D /* Frameworks */,
				162BFFB2299D233600D5923D /* Resources */,
			);
			buildRules = (
			);
			dependencies = (
				162BFFB6299D233600D5923D /* PBXTargetDependency */,
			);
			name = RedditClientAppTests;
			productName = RedditClientAppTests;
			productReference = 162BFFB4299D233600D5923D /* RedditClientAppTests.xctest */;
			productType = "com.apple.product-type.bundle.unit-test";
		};
		162BFFBD299D233600D5923D /* RedditClientAppUITests */ = {
			isa = PBXNativeTarget;
			buildConfigurationList = 162BFFCE299D233600D5923D /* Build configuration list for PBXNativeTarget "RedditClientAppUITests" */;
			buildPhases = (
				AB20400E93C5D55044705C27 /* [CP] Check Pods Manifest.lock */,
				162BFFBA299D233600D5923D /* Sources */,
				162BFFBB299D233600D5923D /* Frameworks */,
				162BFFBC299D233600D5923D /* Resources */,
				25C90A6E036839B20A6CB37C /* [CP] Embed Pods Frameworks */,
			);
			buildRules = (
			);
			dependencies = (
				162BFFC0299D233600D5923D /* PBXTargetDependency */,
			);
			name = RedditClientAppUITests;
			productName = RedditClientAppUITests;
			productReference = 162BFFBE299D233600D5923D /* RedditClientAppUITests.xctest */;
			productType = "com.apple.product-type.bundle.ui-testing";
		};
/* End PBXNativeTarget section */

/* Begin PBXProject section */
		162BFF96299D233400D5923D /* Project object */ = {
			isa = PBXProject;
			attributes = {
				BuildIndependentTargetsInParallel = 1;
				LastSwiftUpdateCheck = 1420;
				LastUpgradeCheck = 1420;
				TargetAttributes = {
					162BFF9D299D233400D5923D = {
						CreatedOnToolsVersion = 14.2;
					};
					162BFFB3299D233600D5923D = {
						CreatedOnToolsVersion = 14.2;
						TestTargetID = 162BFF9D299D233400D5923D;
					};
					162BFFBD299D233600D5923D = {
						CreatedOnToolsVersion = 14.2;
						TestTargetID = 162BFF9D299D233400D5923D;
					};
				};
			};
			buildConfigurationList = 162BFF99299D233400D5923D /* Build configuration list for PBXProject "RedditClientApp" */;
			compatibilityVersion = "Xcode 14.0";
			developmentRegion = en;
			hasScannedForEncodings = 0;
			knownRegions = (
				en,
				Base,
			);
			mainGroup = 162BFF95299D233400D5923D;
			productRefGroup = 162BFF9F299D233400D5923D /* Products */;
			projectDirPath = "";
			projectRoot = "";
			targets = (
				162BFF9D299D233400D5923D /* RedditClientApp */,
				162BFFB3299D233600D5923D /* RedditClientAppTests */,
				162BFFBD299D233600D5923D /* RedditClientAppUITests */,
			);
		};
/* End PBXProject section */

/* Begin PBXResourcesBuildPhase section */
		162BFF9C299D233400D5923D /* Resources */ = {
			isa = PBXResourcesBuildPhase;
			buildActionMask = 2147483647;
			files = (
				162BFFAE299D233500D5923D /* LaunchScreen.storyboard in Resources */,
				162BFFAB299D233500D5923D /* Assets.xcassets in Resources */,
				16B2A65029BB795600E42BAC /* FavoriteSubredditTVC.xib in Resources */,
				162BFFA9299D233400D5923D /* Main.storyboard in Resources */,
				1657DC0E29B604C9002B0CD8 /* TrendingPostCVC.xib in Resources */,
				1657DC1629B62F5F002B0CD8 /* TrendingSubredditsCVC.xib in Resources */,
			);
			runOnlyForDeploymentPostprocessing = 0;
		};
		162BFFB2299D233600D5923D /* Resources */ = {
			isa = PBXResourcesBuildPhase;
			buildActionMask = 2147483647;
			files = (
			);
			runOnlyForDeploymentPostprocessing = 0;
		};
		162BFFBC299D233600D5923D /* Resources */ = {
			isa = PBXResourcesBuildPhase;
			buildActionMask = 2147483647;
			files = (
			);
			runOnlyForDeploymentPostprocessing = 0;
		};
/* End PBXResourcesBuildPhase section */

/* Begin PBXShellScriptBuildPhase section */
		1633FA8A29B8D1B8003E12D9 /* Run Script */ = {
			isa = PBXShellScriptBuildPhase;
			buildActionMask = 2147483647;
			files = (
			);
			inputFileListPaths = (
			);
			inputPaths = (
			);
			name = "Run Script";
			outputFileListPaths = (
			);
			outputPaths = (
			);
			runOnlyForDeploymentPostprocessing = 0;
			shellPath = /bin/sh;
			shellScript = "#export PATH=\"$PATH:/opt/homebrew/bin\"\n#if which swiftlint > /dev/null; then\n#  swiftlint\n#else\n#  echo \"warning: SwiftLint not installed, download from https://github.com/realm/SwiftLint\"\n#fi\n";
		};
		25C90A6E036839B20A6CB37C /* [CP] Embed Pods Frameworks */ = {
			isa = PBXShellScriptBuildPhase;
			buildActionMask = 2147483647;
			files = (
			);
			inputFileListPaths = (
				"${PODS_ROOT}/Target Support Files/Pods-RedditClientApp-RedditClientAppUITests/Pods-RedditClientApp-RedditClientAppUITests-frameworks-${CONFIGURATION}-input-files.xcfilelist",
			);
			name = "[CP] Embed Pods Frameworks";
			outputFileListPaths = (
				"${PODS_ROOT}/Target Support Files/Pods-RedditClientApp-RedditClientAppUITests/Pods-RedditClientApp-RedditClientAppUITests-frameworks-${CONFIGURATION}-output-files.xcfilelist",
			);
			runOnlyForDeploymentPostprocessing = 0;
			shellPath = /bin/sh;
			shellScript = "\"${PODS_ROOT}/Target Support Files/Pods-RedditClientApp-RedditClientAppUITests/Pods-RedditClientApp-RedditClientAppUITests-frameworks.sh\"\n";
			showEnvVarsInLog = 0;
		};
		632EB8B30BCF56BE7100AFCF /* [CP] Check Pods Manifest.lock */ = {
			isa = PBXShellScriptBuildPhase;
			buildActionMask = 2147483647;
			files = (
			);
			inputFileListPaths = (
			);
			inputPaths = (
				"${PODS_PODFILE_DIR_PATH}/Podfile.lock",
				"${PODS_ROOT}/Manifest.lock",
			);
			name = "[CP] Check Pods Manifest.lock";
			outputFileListPaths = (
			);
			outputPaths = (
				"$(DERIVED_FILE_DIR)/Pods-RedditClientAppTests-checkManifestLockResult.txt",
			);
			runOnlyForDeploymentPostprocessing = 0;
			shellPath = /bin/sh;
			shellScript = "diff \"${PODS_PODFILE_DIR_PATH}/Podfile.lock\" \"${PODS_ROOT}/Manifest.lock\" > /dev/null\nif [ $? != 0 ] ; then\n    # print error to STDERR\n    echo \"error: The sandbox is not in sync with the Podfile.lock. Run 'pod install' or update your CocoaPods installation.\" >&2\n    exit 1\nfi\n# This output is used by Xcode 'outputs' to avoid re-running this script phase.\necho \"SUCCESS\" > \"${SCRIPT_OUTPUT_FILE_0}\"\n";
			showEnvVarsInLog = 0;
		};
		AB20400E93C5D55044705C27 /* [CP] Check Pods Manifest.lock */ = {
			isa = PBXShellScriptBuildPhase;
			buildActionMask = 2147483647;
			files = (
			);
			inputFileListPaths = (
			);
			inputPaths = (
				"${PODS_PODFILE_DIR_PATH}/Podfile.lock",
				"${PODS_ROOT}/Manifest.lock",
			);
			name = "[CP] Check Pods Manifest.lock";
			outputFileListPaths = (
			);
			outputPaths = (
				"$(DERIVED_FILE_DIR)/Pods-RedditClientApp-RedditClientAppUITests-checkManifestLockResult.txt",
			);
			runOnlyForDeploymentPostprocessing = 0;
			shellPath = /bin/sh;
			shellScript = "diff \"${PODS_PODFILE_DIR_PATH}/Podfile.lock\" \"${PODS_ROOT}/Manifest.lock\" > /dev/null\nif [ $? != 0 ] ; then\n    # print error to STDERR\n    echo \"error: The sandbox is not in sync with the Podfile.lock. Run 'pod install' or update your CocoaPods installation.\" >&2\n    exit 1\nfi\n# This output is used by Xcode 'outputs' to avoid re-running this script phase.\necho \"SUCCESS\" > \"${SCRIPT_OUTPUT_FILE_0}\"\n";
			showEnvVarsInLog = 0;
		};
		C6C2AA519FE7231811725DC9 /* [CP] Check Pods Manifest.lock */ = {
			isa = PBXShellScriptBuildPhase;
			buildActionMask = 2147483647;
			files = (
			);
			inputFileListPaths = (
			);
			inputPaths = (
				"${PODS_PODFILE_DIR_PATH}/Podfile.lock",
				"${PODS_ROOT}/Manifest.lock",
			);
			name = "[CP] Check Pods Manifest.lock";
			outputFileListPaths = (
			);
			outputPaths = (
				"$(DERIVED_FILE_DIR)/Pods-RedditClientApp-checkManifestLockResult.txt",
			);
			runOnlyForDeploymentPostprocessing = 0;
			shellPath = /bin/sh;
			shellScript = "diff \"${PODS_PODFILE_DIR_PATH}/Podfile.lock\" \"${PODS_ROOT}/Manifest.lock\" > /dev/null\nif [ $? != 0 ] ; then\n    # print error to STDERR\n    echo \"error: The sandbox is not in sync with the Podfile.lock. Run 'pod install' or update your CocoaPods installation.\" >&2\n    exit 1\nfi\n# This output is used by Xcode 'outputs' to avoid re-running this script phase.\necho \"SUCCESS\" > \"${SCRIPT_OUTPUT_FILE_0}\"\n";
			showEnvVarsInLog = 0;
		};
		E3136415BCF0B06E57C232E4 /* [CP] Embed Pods Frameworks */ = {
			isa = PBXShellScriptBuildPhase;
			buildActionMask = 2147483647;
			files = (
			);
			inputFileListPaths = (
				"${PODS_ROOT}/Target Support Files/Pods-RedditClientApp/Pods-RedditClientApp-frameworks-${CONFIGURATION}-input-files.xcfilelist",
			);
			name = "[CP] Embed Pods Frameworks";
			outputFileListPaths = (
				"${PODS_ROOT}/Target Support Files/Pods-RedditClientApp/Pods-RedditClientApp-frameworks-${CONFIGURATION}-output-files.xcfilelist",
			);
			runOnlyForDeploymentPostprocessing = 0;
			shellPath = /bin/sh;
			shellScript = "\"${PODS_ROOT}/Target Support Files/Pods-RedditClientApp/Pods-RedditClientApp-frameworks.sh\"\n";
			showEnvVarsInLog = 0;
		};
/* End PBXShellScriptBuildPhase section */

/* Begin PBXSourcesBuildPhase section */
		162BFF9A299D233400D5923D /* Sources */ = {
			isa = PBXSourcesBuildPhase;
			buildActionMask = 2147483647;
			files = (
				16482ADD29B37E7D00D7EF67 /* Network Manager.swift in Sources */,
				1657DC1529B62F5F002B0CD8 /* TrendingSubredditsCVC.swift in Sources */,
				16B2A65B29BCA82800E42BAC /* PostsTableExtension.swift in Sources */,
				1657DC1029B60DF9002B0CD8 /* MainScreenVC.swift in Sources */,
				1614FFA329BF0AAA0030B219 /* SinglePostScreenVC.swift in Sources */,
				16B2A65329BCA57E00E42BAC /* FavoriteSubredditsTableExtension.swift in Sources */,
				162BFFA2299D233400D5923D /* AppDelegate.swift in Sources */,
				1657DC0D29B604C9002B0CD8 /* TrendingPostCVC.swift in Sources */,
				16B2A65729BCA69900E42BAC /* SafeSearchSwitchExtension.swift in Sources */,
				162BFFE2299FAC5C00D5923D /* RedditPost.swift in Sources */,
				162BFFE0299FABFE00D5923D /* PostsTVC.swift in Sources */,
				16B2A64F29BB795600E42BAC /* FavoriteSubredditTVC.swift in Sources */,
				166E938229B0CB6F006C9F2D /* toHomeScreen.swift in Sources */,
				16B2A65929BCA6E300E42BAC /* SearchBarExtension.swift in Sources */,
				162BFFDE299FAB9500D5923D /* PostsScreenVC.swift in Sources */,
				16B2A65529BCA62B00E42BAC /* CollectionViewExtensions.swift in Sources */,
				162BFFA4299D233400D5923D /* SceneDelegate.swift in Sources */,
			);
			runOnlyForDeploymentPostprocessing = 0;
		};
		162BFFB0299D233600D5923D /* Sources */ = {
			isa = PBXSourcesBuildPhase;
			buildActionMask = 2147483647;
			files = (
			);
			runOnlyForDeploymentPostprocessing = 0;
		};
		162BFFBA299D233600D5923D /* Sources */ = {
			isa = PBXSourcesBuildPhase;
			buildActionMask = 2147483647;
			files = (
			);
			runOnlyForDeploymentPostprocessing = 0;
		};
/* End PBXSourcesBuildPhase section */

/* Begin PBXTargetDependency section */
		162BFFB6299D233600D5923D /* PBXTargetDependency */ = {
			isa = PBXTargetDependency;
			target = 162BFF9D299D233400D5923D /* RedditClientApp */;
			targetProxy = 162BFFB5299D233600D5923D /* PBXContainerItemProxy */;
		};
		162BFFC0299D233600D5923D /* PBXTargetDependency */ = {
			isa = PBXTargetDependency;
			target = 162BFF9D299D233400D5923D /* RedditClientApp */;
			targetProxy = 162BFFBF299D233600D5923D /* PBXContainerItemProxy */;
		};
/* End PBXTargetDependency section */

/* Begin PBXVariantGroup section */
		162BFFA7299D233400D5923D /* Main.storyboard */ = {
			isa = PBXVariantGroup;
			children = (
				162BFFA8299D233400D5923D /* Base */,
			);
			name = Main.storyboard;
			sourceTree = "<group>";
		};
		162BFFAC299D233500D5923D /* LaunchScreen.storyboard */ = {
			isa = PBXVariantGroup;
			children = (
				162BFFAD299D233500D5923D /* Base */,
			);
			name = LaunchScreen.storyboard;
			sourceTree = "<group>";
		};
/* End PBXVariantGroup section */

/* Begin XCBuildConfiguration section */
		162BFFC6299D233600D5923D /* Debug */ = {
			isa = XCBuildConfiguration;
			buildSettings = {
				ALWAYS_SEARCH_USER_PATHS = NO;
				CLANG_ANALYZER_NONNULL = YES;
				CLANG_ANALYZER_NUMBER_OBJECT_CONVERSION = YES_AGGRESSIVE;
				CLANG_CXX_LANGUAGE_STANDARD = "gnu++20";
				CLANG_ENABLE_MODULES = YES;
				CLANG_ENABLE_OBJC_ARC = YES;
				CLANG_ENABLE_OBJC_WEAK = YES;
				CLANG_WARN_BLOCK_CAPTURE_AUTORELEASING = YES;
				CLANG_WARN_BOOL_CONVERSION = YES;
				CLANG_WARN_COMMA = YES;
				CLANG_WARN_CONSTANT_CONVERSION = YES;
				CLANG_WARN_DEPRECATED_OBJC_IMPLEMENTATIONS = YES;
				CLANG_WARN_DIRECT_OBJC_ISA_USAGE = YES_ERROR;
				CLANG_WARN_DOCUMENTATION_COMMENTS = YES;
				CLANG_WARN_EMPTY_BODY = YES;
				CLANG_WARN_ENUM_CONVERSION = YES;
				CLANG_WARN_INFINITE_RECURSION = YES;
				CLANG_WARN_INT_CONVERSION = YES;
				CLANG_WARN_NON_LITERAL_NULL_CONVERSION = YES;
				CLANG_WARN_OBJC_IMPLICIT_RETAIN_SELF = YES;
				CLANG_WARN_OBJC_LITERAL_CONVERSION = YES;
				CLANG_WARN_OBJC_ROOT_CLASS = YES_ERROR;
				CLANG_WARN_QUOTED_INCLUDE_IN_FRAMEWORK_HEADER = YES;
				CLANG_WARN_RANGE_LOOP_ANALYSIS = YES;
				CLANG_WARN_STRICT_PROTOTYPES = YES;
				CLANG_WARN_SUSPICIOUS_MOVE = YES;
				CLANG_WARN_UNGUARDED_AVAILABILITY = YES_AGGRESSIVE;
				CLANG_WARN_UNREACHABLE_CODE = YES;
				CLANG_WARN__DUPLICATE_METHOD_MATCH = YES;
				COPY_PHASE_STRIP = NO;
				DEBUG_INFORMATION_FORMAT = dwarf;
				ENABLE_STRICT_OBJC_MSGSEND = YES;
				ENABLE_TESTABILITY = YES;
				GCC_C_LANGUAGE_STANDARD = gnu11;
				GCC_DYNAMIC_NO_PIC = NO;
				GCC_NO_COMMON_BLOCKS = YES;
				GCC_OPTIMIZATION_LEVEL = 0;
				GCC_PREPROCESSOR_DEFINITIONS = (
					"DEBUG=1",
					"$(inherited)",
				);
				GCC_WARN_64_TO_32_BIT_CONVERSION = YES;
				GCC_WARN_ABOUT_RETURN_TYPE = YES_ERROR;
				GCC_WARN_UNDECLARED_SELECTOR = YES;
				GCC_WARN_UNINITIALIZED_AUTOS = YES_AGGRESSIVE;
				GCC_WARN_UNUSED_FUNCTION = YES;
				GCC_WARN_UNUSED_VARIABLE = YES;
				IPHONEOS_DEPLOYMENT_TARGET = 16.2;
				MTL_ENABLE_DEBUG_INFO = INCLUDE_SOURCE;
				MTL_FAST_MATH = YES;
				ONLY_ACTIVE_ARCH = YES;
				SDKROOT = iphoneos;
				SWIFT_ACTIVE_COMPILATION_CONDITIONS = DEBUG;
				SWIFT_OPTIMIZATION_LEVEL = "-Onone";
			};
			name = Debug;
		};
		162BFFC7299D233600D5923D /* Release */ = {
			isa = XCBuildConfiguration;
			buildSettings = {
				ALWAYS_SEARCH_USER_PATHS = NO;
				CLANG_ANALYZER_NONNULL = YES;
				CLANG_ANALYZER_NUMBER_OBJECT_CONVERSION = YES_AGGRESSIVE;
				CLANG_CXX_LANGUAGE_STANDARD = "gnu++20";
				CLANG_ENABLE_MODULES = YES;
				CLANG_ENABLE_OBJC_ARC = YES;
				CLANG_ENABLE_OBJC_WEAK = YES;
				CLANG_WARN_BLOCK_CAPTURE_AUTORELEASING = YES;
				CLANG_WARN_BOOL_CONVERSION = YES;
				CLANG_WARN_COMMA = YES;
				CLANG_WARN_CONSTANT_CONVERSION = YES;
				CLANG_WARN_DEPRECATED_OBJC_IMPLEMENTATIONS = YES;
				CLANG_WARN_DIRECT_OBJC_ISA_USAGE = YES_ERROR;
				CLANG_WARN_DOCUMENTATION_COMMENTS = YES;
				CLANG_WARN_EMPTY_BODY = YES;
				CLANG_WARN_ENUM_CONVERSION = YES;
				CLANG_WARN_INFINITE_RECURSION = YES;
				CLANG_WARN_INT_CONVERSION = YES;
				CLANG_WARN_NON_LITERAL_NULL_CONVERSION = YES;
				CLANG_WARN_OBJC_IMPLICIT_RETAIN_SELF = YES;
				CLANG_WARN_OBJC_LITERAL_CONVERSION = YES;
				CLANG_WARN_OBJC_ROOT_CLASS = YES_ERROR;
				CLANG_WARN_QUOTED_INCLUDE_IN_FRAMEWORK_HEADER = YES;
				CLANG_WARN_RANGE_LOOP_ANALYSIS = YES;
				CLANG_WARN_STRICT_PROTOTYPES = YES;
				CLANG_WARN_SUSPICIOUS_MOVE = YES;
				CLANG_WARN_UNGUARDED_AVAILABILITY = YES_AGGRESSIVE;
				CLANG_WARN_UNREACHABLE_CODE = YES;
				CLANG_WARN__DUPLICATE_METHOD_MATCH = YES;
				COPY_PHASE_STRIP = NO;
				DEBUG_INFORMATION_FORMAT = "dwarf-with-dsym";
				ENABLE_NS_ASSERTIONS = NO;
				ENABLE_STRICT_OBJC_MSGSEND = YES;
				GCC_C_LANGUAGE_STANDARD = gnu11;
				GCC_NO_COMMON_BLOCKS = YES;
				GCC_WARN_64_TO_32_BIT_CONVERSION = YES;
				GCC_WARN_ABOUT_RETURN_TYPE = YES_ERROR;
				GCC_WARN_UNDECLARED_SELECTOR = YES;
				GCC_WARN_UNINITIALIZED_AUTOS = YES_AGGRESSIVE;
				GCC_WARN_UNUSED_FUNCTION = YES;
				GCC_WARN_UNUSED_VARIABLE = YES;
				IPHONEOS_DEPLOYMENT_TARGET = 16.2;
				MTL_ENABLE_DEBUG_INFO = NO;
				MTL_FAST_MATH = YES;
				SDKROOT = iphoneos;
				SWIFT_COMPILATION_MODE = wholemodule;
				SWIFT_OPTIMIZATION_LEVEL = "-O";
				VALIDATE_PRODUCT = YES;
			};
			name = Release;
		};
		162BFFC9299D233600D5923D /* Debug */ = {
			isa = XCBuildConfiguration;
			baseConfigurationReference = 355E4C36AFE4350A341D2F07 /* Pods-RedditClientApp.debug.xcconfig */;
			buildSettings = {
				ASSETCATALOG_COMPILER_APPICON_NAME = AppIcon;
				ASSETCATALOG_COMPILER_GLOBAL_ACCENT_COLOR_NAME = AccentColor;
				CODE_SIGN_STYLE = Automatic;
				CURRENT_PROJECT_VERSION = 1;
				DEVELOPMENT_TEAM = 7WX6W95X32;
				GENERATE_INFOPLIST_FILE = YES;
				INFOPLIST_FILE = RedditClientApp/Info.plist;
				INFOPLIST_KEY_UIApplicationSupportsIndirectInputEvents = YES;
				INFOPLIST_KEY_UILaunchStoryboardName = LaunchScreen;
				INFOPLIST_KEY_UIMainStoryboardFile = Main;
				INFOPLIST_KEY_UISupportedInterfaceOrientations_iPad = "UIInterfaceOrientationPortrait UIInterfaceOrientationPortraitUpsideDown UIInterfaceOrientationLandscapeLeft UIInterfaceOrientationLandscapeRight";
				INFOPLIST_KEY_UISupportedInterfaceOrientations_iPhone = "UIInterfaceOrientationPortrait UIInterfaceOrientationLandscapeLeft UIInterfaceOrientationLandscapeRight";
				LD_RUNPATH_SEARCH_PATHS = (
					"$(inherited)",
					"@executable_path/Frameworks",
				);
				MARKETING_VERSION = 1.0;
				PRODUCT_BUNDLE_IDENTIFIER = altinisik.mustafa.RedditClientApp;
				PRODUCT_NAME = "$(TARGET_NAME)";
				SWIFT_EMIT_LOC_STRINGS = YES;
				SWIFT_VERSION = 5.0;
				TARGETED_DEVICE_FAMILY = "1,2";
			};
			name = Debug;
		};
		162BFFCA299D233600D5923D /* Release */ = {
			isa = XCBuildConfiguration;
			baseConfigurationReference = 73FF52252227D32E372F5E05 /* Pods-RedditClientApp.release.xcconfig */;
			buildSettings = {
				ASSETCATALOG_COMPILER_APPICON_NAME = AppIcon;
				ASSETCATALOG_COMPILER_GLOBAL_ACCENT_COLOR_NAME = AccentColor;
				CODE_SIGN_STYLE = Automatic;
				CURRENT_PROJECT_VERSION = 1;
				DEVELOPMENT_TEAM = 7WX6W95X32;
				GENERATE_INFOPLIST_FILE = YES;
				INFOPLIST_FILE = RedditClientApp/Info.plist;
				INFOPLIST_KEY_UIApplicationSupportsIndirectInputEvents = YES;
				INFOPLIST_KEY_UILaunchStoryboardName = LaunchScreen;
				INFOPLIST_KEY_UIMainStoryboardFile = Main;
				INFOPLIST_KEY_UISupportedInterfaceOrientations_iPad = "UIInterfaceOrientationPortrait UIInterfaceOrientationPortraitUpsideDown UIInterfaceOrientationLandscapeLeft UIInterfaceOrientationLandscapeRight";
				INFOPLIST_KEY_UISupportedInterfaceOrientations_iPhone = "UIInterfaceOrientationPortrait UIInterfaceOrientationLandscapeLeft UIInterfaceOrientationLandscapeRight";
				LD_RUNPATH_SEARCH_PATHS = (
					"$(inherited)",
					"@executable_path/Frameworks",
				);
				MARKETING_VERSION = 1.0;
				PRODUCT_BUNDLE_IDENTIFIER = altinisik.mustafa.RedditClientApp;
				PRODUCT_NAME = "$(TARGET_NAME)";
				SWIFT_EMIT_LOC_STRINGS = YES;
				SWIFT_VERSION = 5.0;
				TARGETED_DEVICE_FAMILY = "1,2";
			};
			name = Release;
		};
		162BFFCC299D233600D5923D /* Debug */ = {
			isa = XCBuildConfiguration;
			baseConfigurationReference = 2B5B214FBBD732C945A9445A /* Pods-RedditClientAppTests.debug.xcconfig */;
			buildSettings = {
				ALWAYS_EMBED_SWIFT_STANDARD_LIBRARIES = YES;
				BUNDLE_LOADER = "$(TEST_HOST)";
				CODE_SIGN_STYLE = Automatic;
				CURRENT_PROJECT_VERSION = 1;
				DEVELOPMENT_TEAM = 7WX6W95X32;
				GENERATE_INFOPLIST_FILE = YES;
				IPHONEOS_DEPLOYMENT_TARGET = 16.2;
				MARKETING_VERSION = 1.0;
				PRODUCT_BUNDLE_IDENTIFIER = altinisik.mustafa.RedditClientAppTests;
				PRODUCT_NAME = "$(TARGET_NAME)";
				SWIFT_EMIT_LOC_STRINGS = NO;
				SWIFT_VERSION = 5.0;
				TARGETED_DEVICE_FAMILY = "1,2";
				TEST_HOST = "$(BUILT_PRODUCTS_DIR)/RedditClientApp.app/$(BUNDLE_EXECUTABLE_FOLDER_PATH)/RedditClientApp";
			};
			name = Debug;
		};
		162BFFCD299D233600D5923D /* Release */ = {
			isa = XCBuildConfiguration;
			baseConfigurationReference = 035ACADF58574B63309E34A3 /* Pods-RedditClientAppTests.release.xcconfig */;
			buildSettings = {
				ALWAYS_EMBED_SWIFT_STANDARD_LIBRARIES = YES;
				BUNDLE_LOADER = "$(TEST_HOST)";
				CODE_SIGN_STYLE = Automatic;
				CURRENT_PROJECT_VERSION = 1;
				DEVELOPMENT_TEAM = 7WX6W95X32;
				GENERATE_INFOPLIST_FILE = YES;
				IPHONEOS_DEPLOYMENT_TARGET = 16.2;
				MARKETING_VERSION = 1.0;
				PRODUCT_BUNDLE_IDENTIFIER = altinisik.mustafa.RedditClientAppTests;
				PRODUCT_NAME = "$(TARGET_NAME)";
				SWIFT_EMIT_LOC_STRINGS = NO;
				SWIFT_VERSION = 5.0;
				TARGETED_DEVICE_FAMILY = "1,2";
				TEST_HOST = "$(BUILT_PRODUCTS_DIR)/RedditClientApp.app/$(BUNDLE_EXECUTABLE_FOLDER_PATH)/RedditClientApp";
			};
			name = Release;
		};
		162BFFCF299D233600D5923D /* Debug */ = {
			isa = XCBuildConfiguration;
			baseConfigurationReference = 3EE0C3A6723A79F88B28872C /* Pods-RedditClientApp-RedditClientAppUITests.debug.xcconfig */;
			buildSettings = {
				ALWAYS_EMBED_SWIFT_STANDARD_LIBRARIES = YES;
				CODE_SIGN_STYLE = Automatic;
				CURRENT_PROJECT_VERSION = 1;
				DEVELOPMENT_TEAM = 7WX6W95X32;
				GENERATE_INFOPLIST_FILE = YES;
				MARKETING_VERSION = 1.0;
				PRODUCT_BUNDLE_IDENTIFIER = altinisik.mustafa.RedditClientAppUITests;
				PRODUCT_NAME = "$(TARGET_NAME)";
				SWIFT_EMIT_LOC_STRINGS = NO;
				SWIFT_VERSION = 5.0;
				TARGETED_DEVICE_FAMILY = "1,2";
				TEST_TARGET_NAME = RedditClientApp;
			};
			name = Debug;
		};
		162BFFD0299D233600D5923D /* Release */ = {
			isa = XCBuildConfiguration;
			baseConfigurationReference = 0FBEDC71CD09583EA33EDF18 /* Pods-RedditClientApp-RedditClientAppUITests.release.xcconfig */;
			buildSettings = {
				ALWAYS_EMBED_SWIFT_STANDARD_LIBRARIES = YES;
				CODE_SIGN_STYLE = Automatic;
				CURRENT_PROJECT_VERSION = 1;
				DEVELOPMENT_TEAM = 7WX6W95X32;
				GENERATE_INFOPLIST_FILE = YES;
				MARKETING_VERSION = 1.0;
				PRODUCT_BUNDLE_IDENTIFIER = altinisik.mustafa.RedditClientAppUITests;
				PRODUCT_NAME = "$(TARGET_NAME)";
				SWIFT_EMIT_LOC_STRINGS = NO;
				SWIFT_VERSION = 5.0;
				TARGETED_DEVICE_FAMILY = "1,2";
				TEST_TARGET_NAME = RedditClientApp;
			};
			name = Release;
		};
/* End XCBuildConfiguration section */

/* Begin XCConfigurationList section */
		162BFF99299D233400D5923D /* Build configuration list for PBXProject "RedditClientApp" */ = {
			isa = XCConfigurationList;
			buildConfigurations = (
				162BFFC6299D233600D5923D /* Debug */,
				162BFFC7299D233600D5923D /* Release */,
			);
			defaultConfigurationIsVisible = 0;
			defaultConfigurationName = Release;
		};
		162BFFC8299D233600D5923D /* Build configuration list for PBXNativeTarget "RedditClientApp" */ = {
			isa = XCConfigurationList;
			buildConfigurations = (
				162BFFC9299D233600D5923D /* Debug */,
				162BFFCA299D233600D5923D /* Release */,
			);
			defaultConfigurationIsVisible = 0;
			defaultConfigurationName = Release;
		};
		162BFFCB299D233600D5923D /* Build configuration list for PBXNativeTarget "RedditClientAppTests" */ = {
			isa = XCConfigurationList;
			buildConfigurations = (
				162BFFCC299D233600D5923D /* Debug */,
				162BFFCD299D233600D5923D /* Release */,
			);
			defaultConfigurationIsVisible = 0;
			defaultConfigurationName = Release;
		};
		162BFFCE299D233600D5923D /* Build configuration list for PBXNativeTarget "RedditClientAppUITests" */ = {
			isa = XCConfigurationList;
			buildConfigurations = (
				162BFFCF299D233600D5923D /* Debug */,
				162BFFD0299D233600D5923D /* Release */,
			);
			defaultConfigurationIsVisible = 0;
			defaultConfigurationName = Release;
		};
/* End XCConfigurationList section */
	};
	rootObject = 162BFF96299D233400D5923D /* Project object */;
}
